
Microsoft Visual Studio Solution File, Format Version 12.00
# Visual Studio Version 16
VisualStudioVersion = 16.0.31410.357
MinimumVisualStudioVersion = 10.0.40219.1
Project("{FAE04EC0-301F-11D3-BF4B-00C04F79EFBC}") = "MaorSaban215713587", "MaorSaban215713587.csproj", "{4F2CF016-B93E-43AB-9EBA-3BFBDFB8CF8D}"
EndProject
Global
	GlobalSection(SolutionConfigurationPlatforms) = preSolution
		Debug|Any CPU = Debug|Any CPU
		Release|Any CPU = Release|Any CPU
	EndGlobalSection
	GlobalSection(ProjectConfigurationPlatforms) = postSolution
		{4F2CF016-B93E-43AB-9EBA-3BFBDFB8CF8D}.Debug|Any CPU.ActiveCfg = Debug|Any CPU
		{4F2CF016-B93E-43AB-9EBA-3BFBDFB8CF8D}.Debug|Any CPU.Build.0 = Debug|Any CPU
		{4F2CF016-B93E-43AB-9EBA-3BFBDFB8CF8D}.Release|Any CPU.ActiveCfg = Release|Any CPU
		{4F2CF016-B93E-43AB-9EBA-3BFBDFB8CF8D}.Release|Any CPU.Build.0 = Release|Any CPU
	EndGlobalSection
	GlobalSection(SolutionProperties) = preSolution
		HideSolutionNode = FALSE
	EndGlobalSection
	GlobalSection(ExtensibilityGlobals) = postSolution
		SolutionGuid = {7E230DAD-9AA6-4891-8161-342664674089}
	EndGlobalSection
EndGlobal
